{
  "name": "midi-to-part-mp3s-webapp",
  "version": "0.1.0",
  "lockfileVersion": 2,
  "requires": true,
  "packages": {
    "": {
      "name": "midi-to-part-mp3s-webapp",
      "version": "0.1.0",
      "dependencies": {
        "bootstrap": "^3.4.1",
        "jquery": "^3.6.0",
        "opensheetmusicdisplay": "^1.0.0"
      }
    },
    "node_modules/jquery": {
      "version": "3.6.0",
      "resolved": "https://registry.npmjs.org/jquery/-/jquery-3.6.0.tgz",
      "integrity": "sha512-PLACEHOLDER-JQUERY",
      "name": "jquery"
    },
    "node_modules/bootstrap": {
      "version": "3.4.1",
      "resolved": "https://registry.npmjs.org/bootstrap/-/bootstrap-3.4.1.tgz",
      "integrity": "sha512-PLACEHOLDER-BOOTSTRAP",
      "dependencies": {
        "jquery": "^1.9.1"
      }
    },
    "node_modules/opensheetmusicdisplay": {
      "version": "1.0.0",
      "resolved": "https://registry.npmjs.org/opensheetmusicdisplay/-/opensheetmusicdisplay-1.0.0.tgz",
      "integrity": "sha512-PLACEHOLDER-OSMD"
    }
  },
  "dependencies": {
    "bootstrap": {
      "version": "3.4.1",
      "resolved": "https://registry.npmjs.org/bootstrap/-/bootstrap-3.4.1.tgz",
      "integrity": "sha512-PLACEHOLDER-BOOTSTRAP",
      "requires": {
        "jquery": "^1.9.1"
      }
    },
    "jquery": {
      "version": "3.6.0",
      "resolved": "https://registry.npmjs.org/jquery/-/jquery-3.6.0.tgz",
      "integrity": "sha512-PLACEHOLDER-JQUERY"
    },
    "opensheetmusicdisplay": {
      "version": "1.0.0",
      "resolved": "https://registry.npmjs.org/opensheetmusicdisplay/-/opensheetmusicdisplay-1.0.0.tgz",
      "integrity": "sha512-PLACEHOLDER-OSMD"
    }
  }
}
